
Microsoft Visual Studio Solution File, Format Version 12.00
# Visual Studio 2012
Project("{8BC9CEB8-8B4A-11D0-8D11-00A0C91BC942}") = "tru11", "tru11\tru11.vcxproj", "{CD561980-579C-4784-81E8-7727BCEC9D8C}"
EndProject
Global
	GlobalSection(SolutionConfigurationPlatforms) = preSolution
		Debug|Win32 = Debug|Win32
		Release|Win32 = Release|Win32
	EndGlobalSection
	GlobalSection(ProjectConfigurationPlatforms) = postSolution
		{CD561980-579C-4784-81E8-7727BCEC9D8C}.Debug|Win32.ActiveCfg = Debug|Win32
		{CD561980-579C-4784-81E8-7727BCEC9D8C}.Debug|Win32.Build.0 = Debug|Win32
		{CD561980-579C-4784-81E8-7727BCEC9D8C}.Release|Win32.ActiveCfg = Release|Win32
		{CD561980-579C-4784-81E8-7727BCEC9D8C}.Release|Win32.Build.0 = Release|Win32
	EndGlobalSection
	GlobalSection(SolutionProperties) = preSolution
		HideSolutionNode = FALSE
	EndGlobalSection
EndGlobal
